
Microsoft Visual Studio Solution File, Format Version 12.00
# Visual Studio 15
VisualStudioVersion = 15.0.27428.1
MinimumVisualStudioVersion = 10.0.40219.1
Project("{FAE04EC0-301F-11D3-BF4B-00C04F79EFBC}") = "FinalPreparation8", "FinalPreparation8\FinalPreparation8.csproj", "{9FCD88D3-CDF7-49D3-9771-F4F6E1BBA9F5}"
EndProject
Global
	GlobalSection(SolutionConfigurationPlatforms) = preSolution
		Debug|Any CPU = Debug|Any CPU
		Release|Any CPU = Release|Any CPU
	EndGlobalSection
	GlobalSection(ProjectConfigurationPlatforms) = postSolution
		{9FCD88D3-CDF7-49D3-9771-F4F6E1BBA9F5}.Debug|Any CPU.ActiveCfg = Debug|Any CPU
		{9FCD88D3-CDF7-49D3-9771-F4F6E1BBA9F5}.Debug|Any CPU.Build.0 = Debug|Any CPU
		{9FCD88D3-CDF7-49D3-9771-F4F6E1BBA9F5}.Release|Any CPU.ActiveCfg = Release|Any CPU
		{9FCD88D3-CDF7-49D3-9771-F4F6E1BBA9F5}.Release|Any CPU.Build.0 = Release|Any CPU
	EndGlobalSection
	GlobalSection(SolutionProperties) = preSolution
		HideSolutionNode = FALSE
	EndGlobalSection
	GlobalSection(ExtensibilityGlobals) = postSolution
		SolutionGuid = {EFB89B9D-087F-44FA-9F9A-F3811B04276B}
	EndGlobalSection
EndGlobal
