
Microsoft Visual Studio Solution File, Format Version 12.00
# Visual Studio 15
VisualStudioVersion = 15.0.27428.1
MinimumVisualStudioVersion = 10.0.40219.1
Project("{FAE04EC0-301F-11D3-BF4B-00C04F79EFBC}") = "Clock", "Clock\Clock.csproj", "{C110C059-82BC-4B1B-8CD4-651E9F9E2848}"
EndProject
Global
	GlobalSection(SolutionConfigurationPlatforms) = preSolution
		Debug|Any CPU = Debug|Any CPU
		Release|Any CPU = Release|Any CPU
	EndGlobalSection
	GlobalSection(ProjectConfigurationPlatforms) = postSolution
		{C110C059-82BC-4B1B-8CD4-651E9F9E2848}.Debug|Any CPU.ActiveCfg = Debug|Any CPU
		{C110C059-82BC-4B1B-8CD4-651E9F9E2848}.Debug|Any CPU.Build.0 = Debug|Any CPU
		{C110C059-82BC-4B1B-8CD4-651E9F9E2848}.Release|Any CPU.ActiveCfg = Release|Any CPU
		{C110C059-82BC-4B1B-8CD4-651E9F9E2848}.Release|Any CPU.Build.0 = Release|Any CPU
	EndGlobalSection
	GlobalSection(SolutionProperties) = preSolution
		HideSolutionNode = FALSE
	EndGlobalSection
	GlobalSection(ExtensibilityGlobals) = postSolution
		SolutionGuid = {C0CD165C-3037-4300-BA29-01B9FC87E5E1}
	EndGlobalSection
EndGlobal
