
Microsoft Visual Studio Solution File, Format Version 12.00
# Visual Studio 15
VisualStudioVersion = 15.0.27428.1
MinimumVisualStudioVersion = 10.0.40219.1
Project("{FAE04EC0-301F-11D3-BF4B-00C04F79EFBC}") = "PrimesLabel", "PrimesLabel\PrimesLabel.csproj", "{65C04F6C-2FEF-4AC4-911F-56D8FBC4F118}"
EndProject
Global
	GlobalSection(SolutionConfigurationPlatforms) = preSolution
		Debug|Any CPU = Debug|Any CPU
		Release|Any CPU = Release|Any CPU
	EndGlobalSection
	GlobalSection(ProjectConfigurationPlatforms) = postSolution
		{65C04F6C-2FEF-4AC4-911F-56D8FBC4F118}.Debug|Any CPU.ActiveCfg = Debug|Any CPU
		{65C04F6C-2FEF-4AC4-911F-56D8FBC4F118}.Debug|Any CPU.Build.0 = Debug|Any CPU
		{65C04F6C-2FEF-4AC4-911F-56D8FBC4F118}.Release|Any CPU.ActiveCfg = Release|Any CPU
		{65C04F6C-2FEF-4AC4-911F-56D8FBC4F118}.Release|Any CPU.Build.0 = Release|Any CPU
	EndGlobalSection
	GlobalSection(SolutionProperties) = preSolution
		HideSolutionNode = FALSE
	EndGlobalSection
	GlobalSection(ExtensibilityGlobals) = postSolution
		SolutionGuid = {15622C6B-679E-4B97-8271-138BD3A76887}
	EndGlobalSection
EndGlobal
