
Microsoft Visual Studio Solution File, Format Version 12.00
# Visual Studio 15
VisualStudioVersion = 15.0.27428.1
MinimumVisualStudioVersion = 10.0.40219.1
Project("{FAE04EC0-301F-11D3-BF4B-00C04F79EFBC}") = "FinalPreparation2", "FinalPreparation2\FinalPreparation2.csproj", "{76F992C3-33BE-43E7-B005-1828D504D923}"
EndProject
Global
	GlobalSection(SolutionConfigurationPlatforms) = preSolution
		Debug|Any CPU = Debug|Any CPU
		Release|Any CPU = Release|Any CPU
	EndGlobalSection
	GlobalSection(ProjectConfigurationPlatforms) = postSolution
		{76F992C3-33BE-43E7-B005-1828D504D923}.Debug|Any CPU.ActiveCfg = Debug|Any CPU
		{76F992C3-33BE-43E7-B005-1828D504D923}.Debug|Any CPU.Build.0 = Debug|Any CPU
		{76F992C3-33BE-43E7-B005-1828D504D923}.Release|Any CPU.ActiveCfg = Release|Any CPU
		{76F992C3-33BE-43E7-B005-1828D504D923}.Release|Any CPU.Build.0 = Release|Any CPU
	EndGlobalSection
	GlobalSection(SolutionProperties) = preSolution
		HideSolutionNode = FALSE
	EndGlobalSection
	GlobalSection(ExtensibilityGlobals) = postSolution
		SolutionGuid = {9AC256B1-2ED6-479A-807C-E6DDA2345558}
	EndGlobalSection
EndGlobal
