
Microsoft Visual Studio Solution File, Format Version 12.00
# Visual Studio 15
VisualStudioVersion = 15.0.27428.1
MinimumVisualStudioVersion = 10.0.40219.1
Project("{FAE04EC0-301F-11D3-BF4B-00C04F79EFBC}") = "Calc_example", "Calc_example\Calc_example.csproj", "{17743A48-1E86-4A0E-BD4A-79939A5166E5}"
EndProject
Global
	GlobalSection(SolutionConfigurationPlatforms) = preSolution
		Debug|Any CPU = Debug|Any CPU
		Release|Any CPU = Release|Any CPU
	EndGlobalSection
	GlobalSection(ProjectConfigurationPlatforms) = postSolution
		{17743A48-1E86-4A0E-BD4A-79939A5166E5}.Debug|Any CPU.ActiveCfg = Debug|Any CPU
		{17743A48-1E86-4A0E-BD4A-79939A5166E5}.Debug|Any CPU.Build.0 = Debug|Any CPU
		{17743A48-1E86-4A0E-BD4A-79939A5166E5}.Release|Any CPU.ActiveCfg = Release|Any CPU
		{17743A48-1E86-4A0E-BD4A-79939A5166E5}.Release|Any CPU.Build.0 = Release|Any CPU
	EndGlobalSection
	GlobalSection(SolutionProperties) = preSolution
		HideSolutionNode = FALSE
	EndGlobalSection
	GlobalSection(ExtensibilityGlobals) = postSolution
		SolutionGuid = {67D7F824-E796-4A91-957F-00F7E6BD1F37}
	EndGlobalSection
EndGlobal
